PODS:
  - UIColor_Hex_Swift (3.0.2)
  - Yaml (3.3.1)

DEPENDENCIES:
  - UIColor_Hex_Swift
  - Yaml

SPEC CHECKSUMS:
  UIColor_Hex_Swift: 95f718452092a3efc8a827dffd2c04d3237be02d
  Yaml: 18b2cf7301c4132e2bbb508a6921d2637ed3046c

PODFILE CHECKSUM: d04f9387dcb4b08301420a214c1f3a25d53281b7

COCOAPODS: 1.2.1
