// !$*UTF8*$!
{
	archiveVersion = 1;
	classes = {
	};
	objectVersion = 46;
	objects = {

/* Begin PBXBuildFile section */
		2DFC93181D3D6A6F3C9590EE /* Pods_GooTests.framework in Frameworks */ = {isa = PBXBuildFile; fileRef = 41BD0F94A74FDCE96A56A98C /* Pods_GooTests.framework */; };
		B6881F7EC5E2F1F675B7BB49 /* Pods_Goo.framework in Frameworks */ = {isa = PBXBuildFile; fileRef = 5DF95758AE2758E83AF51938 /* Pods_Goo.framework */; };
		EC3A54211EE6F7D300935FE6 /* Goo.swift in Sources */ = {isa = PBXBuildFile; fileRef = EC3A54201EE6F7D300935FE6 /* Goo.swift */; };
		ECA112AD1EE7554F00B087BD /* YamlTests.swift in Sources */ = {isa = PBXBuildFile; fileRef = ECA112AC1EE7554F00B087BD /* YamlTests.swift */; };
		ECA112AF1EE755C800B087BD /* BaseTestCase.swift in Sources */ = {isa = PBXBuildFile; fileRef = ECA112AE1EE755C800B087BD /* BaseTestCase.swift */; };
		ECA112B11EE7595400B087BD /* basic.yaml in Resources */ = {isa = PBXBuildFile; fileRef = ECA112B01EE7595400B087BD /* basic.yaml */; };
		ECB12E671EE5DE13001D166D /* AppDelegate.swift in Sources */ = {isa = PBXBuildFile; fileRef = ECB12E661EE5DE13001D166D /* AppDelegate.swift */; };
		ECB12E691EE5DE13001D166D /* ViewController.swift in Sources */ = {isa = PBXBuildFile; fileRef = ECB12E681EE5DE13001D166D /* ViewController.swift */; };
		ECB12E6C1EE5DE13001D166D /* Main.storyboard in Resources */ = {isa = PBXBuildFile; fileRef = ECB12E6A1EE5DE13001D166D /* Main.storyboard */; };
		ECB12E6E1EE5DE13001D166D /* Assets.xcassets in Resources */ = {isa = PBXBuildFile; fileRef = ECB12E6D1EE5DE13001D166D /* Assets.xcassets */; };
		ECB12E711EE5DE13001D166D /* LaunchScreen.storyboard in Resources */ = {isa = PBXBuildFile; fileRef = ECB12E6F1EE5DE13001D166D /* LaunchScreen.storyboard */; };
		ECC5AD651EE6F9A600643659 /* View.swift in Sources */ = {isa = PBXBuildFile; fileRef = ECC5AD641EE6F9A600643659 /* View.swift */; };
		ECC5AD671EE6FA1500643659 /* Vector.swift in Sources */ = {isa = PBXBuildFile; fileRef = ECC5AD661EE6FA1500643659 /* Vector.swift */; };
		ECC5AD691EE6FA3400643659 /* Bounds.swift in Sources */ = {isa = PBXBuildFile; fileRef = ECC5AD681EE6FA3400643659 /* Bounds.swift */; };
		ECC5AD6B1EE6FA5500643659 /* Inset.swift in Sources */ = {isa = PBXBuildFile; fileRef = ECC5AD6A1EE6FA5500643659 /* Inset.swift */; };
		ECC5AD6D1EE6FB3200643659 /* Layout.swift in Sources */ = {isa = PBXBuildFile; fileRef = ECC5AD6C1EE6FB3200643659 /* Layout.swift */; };
		ECC5AD6F1EE7031300643659 /* Anchor.swift in Sources */ = {isa = PBXBuildFile; fileRef = ECC5AD6E1EE7031300643659 /* Anchor.swift */; };
		ECE72F361EE71A7B00C3A72A /* YamlExtension.swift in Sources */ = {isa = PBXBuildFile; fileRef = ECE72F351EE71A7B00C3A72A /* YamlExtension.swift */; };
		ECE72F381EE71B4300C3A72A /* ArrayExtension.swift in Sources */ = {isa = PBXBuildFile; fileRef = ECE72F371EE71B4300C3A72A /* ArrayExtension.swift */; };
		ECE72F491EE7318600C3A72A /* ViewParseTests.swift in Sources */ = {isa = PBXBuildFile; fileRef = ECE72F481EE7318600C3A72A /* ViewParseTests.swift */; };
		ECE72F4B1EE7344300C3A72A /* view.yaml in Resources */ = {isa = PBXBuildFile; fileRef = ECE72F4A1EE7344300C3A72A /* view.yaml */; };
		ECE72F4D1EE7365500C3A72A /* GooError.swift in Sources */ = {isa = PBXBuildFile; fileRef = ECE72F4C1EE7365500C3A72A /* GooError.swift */; };
		ECE72F4E1EE739B000C3A72A /* Goo.swift in Sources */ = {isa = PBXBuildFile; fileRef = EC3A54201EE6F7D300935FE6 /* Goo.swift */; };
		ECE72F4F1EE739B000C3A72A /* View.swift in Sources */ = {isa = PBXBuildFile; fileRef = ECC5AD641EE6F9A600643659 /* View.swift */; };
		ECE72F501EE739B000C3A72A /* Vector.swift in Sources */ = {isa = PBXBuildFile; fileRef = ECC5AD661EE6FA1500643659 /* Vector.swift */; };
		ECE72F511EE739B000C3A72A /* Bounds.swift in Sources */ = {isa = PBXBuildFile; fileRef = ECC5AD681EE6FA3400643659 /* Bounds.swift */; };
		ECE72F521EE739B000C3A72A /* Inset.swift in Sources */ = {isa = PBXBuildFile; fileRef = ECC5AD6A1EE6FA5500643659 /* Inset.swift */; };
		ECE72F531EE739B000C3A72A /* Layout.swift in Sources */ = {isa = PBXBuildFile; fileRef = ECC5AD6C1EE6FB3200643659 /* Layout.swift */; };
		ECE72F541EE739B000C3A72A /* Anchor.swift in Sources */ = {isa = PBXBuildFile; fileRef = ECC5AD6E1EE7031300643659 /* Anchor.swift */; };
		ECE72F551EE739B000C3A72A /* GooError.swift in Sources */ = {isa = PBXBuildFile; fileRef = ECE72F4C1EE7365500C3A72A /* GooError.swift */; };
		ECE72F561EE739B400C3A72A /* YamlExtension.swift in Sources */ = {isa = PBXBuildFile; fileRef = ECE72F351EE71A7B00C3A72A /* YamlExtension.swift */; };
		ECE72F571EE739B400C3A72A /* ArrayExtension.swift in Sources */ = {isa = PBXBuildFile; fileRef = ECE72F371EE71B4300C3A72A /* ArrayExtension.swift */; };
/* End PBXBuildFile section */

/* Begin PBXFileReference section */
		41BD0F94A74FDCE96A56A98C /* Pods_GooTests.framework */ = {isa = PBXFileReference; explicitFileType = wrapper.framework; includeInIndex = 0; path = Pods_GooTests.framework; sourceTree = BUILT_PRODUCTS_DIR; };
		5A9BFE3D2B5538A8FFB71D02 /* Pods-GooTests.release.xcconfig */ = {isa = PBXFileReference; includeInIndex = 1; lastKnownFileType = text.xcconfig; name = "Pods-GooTests.release.xcconfig"; path = "Pods/Target Support Files/Pods-GooTests/Pods-GooTests.release.xcconfig"; sourceTree = "<group>"; };
		5DF95758AE2758E83AF51938 /* Pods_Goo.framework */ = {isa = PBXFileReference; explicitFileType = wrapper.framework; includeInIndex = 0; path = Pods_Goo.framework; sourceTree = BUILT_PRODUCTS_DIR; };
		9F3AB7FCA191C7AB227F0902 /* Pods-Goo.release.xcconfig */ = {isa = PBXFileReference; includeInIndex = 1; lastKnownFileType = text.xcconfig; name = "Pods-Goo.release.xcconfig"; path = "Pods/Target Support Files/Pods-Goo/Pods-Goo.release.xcconfig"; sourceTree = "<group>"; };
		EC3A54201EE6F7D300935FE6 /* Goo.swift */ = {isa = PBXFileReference; fileEncoding = 4; lastKnownFileType = sourcecode.swift; path = Goo.swift; sourceTree = "<group>"; };
		ECA112AC1EE7554F00B087BD /* YamlTests.swift */ = {isa = PBXFileReference; fileEncoding = 4; lastKnownFileType = sourcecode.swift; path = YamlTests.swift; sourceTree = "<group>"; };
		ECA112AE1EE755C800B087BD /* BaseTestCase.swift */ = {isa = PBXFileReference; fileEncoding = 4; lastKnownFileType = sourcecode.swift; path = BaseTestCase.swift; sourceTree = "<group>"; };
		ECA112B01EE7595400B087BD /* basic.yaml */ = {isa = PBXFileReference; fileEncoding = 4; lastKnownFileType = text; path = basic.yaml; sourceTree = "<group>"; };
		ECB12E631EE5DE13001D166D /* Goo.app */ = {isa = PBXFileReference; explicitFileType = wrapper.application; includeInIndex = 0; path = Goo.app; sourceTree = BUILT_PRODUCTS_DIR; };
		ECB12E661EE5DE13001D166D /* AppDelegate.swift */ = {isa = PBXFileReference; lastKnownFileType = sourcecode.swift; path = AppDelegate.swift; sourceTree = "<group>"; };
		ECB12E681EE5DE13001D166D /* ViewController.swift */ = {isa = PBXFileReference; lastKnownFileType = sourcecode.swift; path = ViewController.swift; sourceTree = "<group>"; };
		ECB12E6B1EE5DE13001D166D /* Base */ = {isa = PBXFileReference; lastKnownFileType = file.storyboard; name = Base; path = Base.lproj/Main.storyboard; sourceTree = "<group>"; };
		ECB12E6D1EE5DE13001D166D /* Assets.xcassets */ = {isa = PBXFileReference; lastKnownFileType = folder.assetcatalog; path = Assets.xcassets; sourceTree = "<group>"; };
		ECB12E701EE5DE13001D166D /* Base */ = {isa = PBXFileReference; lastKnownFileType = file.storyboard; name = Base; path = Base.lproj/LaunchScreen.storyboard; sourceTree = "<group>"; };
		ECB12E721EE5DE13001D166D /* Info.plist */ = {isa = PBXFileReference; lastKnownFileType = text.plist.xml; path = Info.plist; sourceTree = "<group>"; };
		ECC5AD641EE6F9A600643659 /* View.swift */ = {isa = PBXFileReference; fileEncoding = 4; lastKnownFileType = sourcecode.swift; path = View.swift; sourceTree = "<group>"; };
		ECC5AD661EE6FA1500643659 /* Vector.swift */ = {isa = PBXFileReference; fileEncoding = 4; lastKnownFileType = sourcecode.swift; path = Vector.swift; sourceTree = "<group>"; };
		ECC5AD681EE6FA3400643659 /* Bounds.swift */ = {isa = PBXFileReference; fileEncoding = 4; lastKnownFileType = sourcecode.swift; path = Bounds.swift; sourceTree = "<group>"; };
		ECC5AD6A1EE6FA5500643659 /* Inset.swift */ = {isa = PBXFileReference; fileEncoding = 4; lastKnownFileType = sourcecode.swift; path = Inset.swift; sourceTree = "<group>"; };
		ECC5AD6C1EE6FB3200643659 /* Layout.swift */ = {isa = PBXFileReference; fileEncoding = 4; lastKnownFileType = sourcecode.swift; path = Layout.swift; sourceTree = "<group>"; };
		ECC5AD6E1EE7031300643659 /* Anchor.swift */ = {isa = PBXFileReference; fileEncoding = 4; lastKnownFileType = sourcecode.swift; path = Anchor.swift; sourceTree = "<group>"; };
		ECE72F351EE71A7B00C3A72A /* YamlExtension.swift */ = {isa = PBXFileReference; fileEncoding = 4; lastKnownFileType = sourcecode.swift; path = YamlExtension.swift; sourceTree = "<group>"; };
		ECE72F371EE71B4300C3A72A /* ArrayExtension.swift */ = {isa = PBXFileReference; fileEncoding = 4; lastKnownFileType = sourcecode.swift; path = ArrayExtension.swift; sourceTree = "<group>"; };
		ECE72F401EE7306A00C3A72A /* GooTests.xctest */ = {isa = PBXFileReference; explicitFileType = wrapper.cfbundle; includeInIndex = 0; path = GooTests.xctest; sourceTree = BUILT_PRODUCTS_DIR; };
		ECE72F441EE7306A00C3A72A /* Info.plist */ = {isa = PBXFileReference; lastKnownFileType = text.plist.xml; path = Info.plist; sourceTree = "<group>"; };
		ECE72F481EE7318600C3A72A /* ViewParseTests.swift */ = {isa = PBXFileReference; fileEncoding = 4; lastKnownFileType = sourcecode.swift; path = ViewParseTests.swift; sourceTree = "<group>"; };
		ECE72F4A1EE7344300C3A72A /* view.yaml */ = {isa = PBXFileReference; fileEncoding = 4; lastKnownFileType = text; path = view.yaml; sourceTree = "<group>"; };
		ECE72F4C1EE7365500C3A72A /* GooError.swift */ = {isa = PBXFileReference; fileEncoding = 4; lastKnownFileType = sourcecode.swift; path = GooError.swift; sourceTree = "<group>"; };
		F6A253ABBB6683A7EF3D00E2 /* Pods-Goo.debug.xcconfig */ = {isa = PBXFileReference; includeInIndex = 1; lastKnownFileType = text.xcconfig; name = "Pods-Goo.debug.xcconfig"; path = "Pods/Target Support Files/Pods-Goo/Pods-Goo.debug.xcconfig"; sourceTree = "<group>"; };
		FECC4559083460C9A4EC0168 /* Pods-GooTests.debug.xcconfig */ = {isa = PBXFileReference; includeInIndex = 1; lastKnownFileType = text.xcconfig; name = "Pods-GooTests.debug.xcconfig"; path = "Pods/Target Support Files/Pods-GooTests/Pods-GooTests.debug.xcconfig"; sourceTree = "<group>"; };
/* End PBXFileReference section */

/* Begin PBXFrameworksBuildPhase section */
		ECB12E601EE5DE13001D166D /* Frameworks */ = {
			isa = PBXFrameworksBuildPhase;
			buildActionMask = 2147483647;
			files = (
				B6881F7EC5E2F1F675B7BB49 /* Pods_Goo.framework in Frameworks */,
			);
			runOnlyForDeploymentPostprocessing = 0;
		};
		ECE72F3D1EE7306A00C3A72A /* Frameworks */ = {
			isa = PBXFrameworksBuildPhase;
			buildActionMask = 2147483647;
			files = (
				2DFC93181D3D6A6F3C9590EE /* Pods_GooTests.framework in Frameworks */,
			);
			runOnlyForDeploymentPostprocessing = 0;
		};
/* End PBXFrameworksBuildPhase section */

/* Begin PBXGroup section */
		515612E91392E8447B6FDC5C /* Pods */ = {
			isa = PBXGroup;
			children = (
				F6A253ABBB6683A7EF3D00E2 /* Pods-Goo.debug.xcconfig */,
				9F3AB7FCA191C7AB227F0902 /* Pods-Goo.release.xcconfig */,
				FECC4559083460C9A4EC0168 /* Pods-GooTests.debug.xcconfig */,
				5A9BFE3D2B5538A8FFB71D02 /* Pods-GooTests.release.xcconfig */,
			);
			name = Pods;
			sourceTree = "<group>";
		};
		C81CCE5724595E04216F2823 /* Frameworks */ = {
			isa = PBXGroup;
			children = (
				5DF95758AE2758E83AF51938 /* Pods_Goo.framework */,
				41BD0F94A74FDCE96A56A98C /* Pods_GooTests.framework */,
			);
			name = Frameworks;
			sourceTree = "<group>";
		};
		EC3A541F1EE6F7C200935FE6 /* Library */ = {
			isa = PBXGroup;
			children = (
				EC3A54201EE6F7D300935FE6 /* Goo.swift */,
				ECC5AD641EE6F9A600643659 /* View.swift */,
				ECC5AD661EE6FA1500643659 /* Vector.swift */,
				ECC5AD681EE6FA3400643659 /* Bounds.swift */,
				ECC5AD6A1EE6FA5500643659 /* Inset.swift */,
				ECC5AD6C1EE6FB3200643659 /* Layout.swift */,
				ECC5AD6E1EE7031300643659 /* Anchor.swift */,
				ECE72F4C1EE7365500C3A72A /* GooError.swift */,
			);
			name = Library;
			sourceTree = "<group>";
		};
		ECB12E5A1EE5DE13001D166D = {
			isa = PBXGroup;
			children = (
				ECB12E651EE5DE13001D166D /* Goo */,
				ECE72F411EE7306A00C3A72A /* GooTests */,
				ECB12E641EE5DE13001D166D /* Products */,
				515612E91392E8447B6FDC5C /* Pods */,
				C81CCE5724595E04216F2823 /* Frameworks */,
			);
			sourceTree = "<group>";
		};
		ECB12E641EE5DE13001D166D /* Products */ = {
			isa = PBXGroup;
			children = (
				ECB12E631EE5DE13001D166D /* Goo.app */,
				ECE72F401EE7306A00C3A72A /* GooTests.xctest */,
			);
			name = Products;
			sourceTree = "<group>";
		};
		ECB12E651EE5DE13001D166D /* Goo */ = {
			isa = PBXGroup;
			children = (
				ECE72F341EE71A6800C3A72A /* Extensions */,
				EC3A541F1EE6F7C200935FE6 /* Library */,
				ECB12E661EE5DE13001D166D /* AppDelegate.swift */,
				ECB12E681EE5DE13001D166D /* ViewController.swift */,
				ECB12E6A1EE5DE13001D166D /* Main.storyboard */,
				ECB12E6D1EE5DE13001D166D /* Assets.xcassets */,
				ECB12E6F1EE5DE13001D166D /* LaunchScreen.storyboard */,
				ECB12E721EE5DE13001D166D /* Info.plist */,
			);
			path = Goo;
			sourceTree = "<group>";
		};
		ECE72F341EE71A6800C3A72A /* Extensions */ = {
			isa = PBXGroup;
			children = (
				ECE72F351EE71A7B00C3A72A /* YamlExtension.swift */,
				ECE72F371EE71B4300C3A72A /* ArrayExtension.swift */,
			);
			name = Extensions;
			sourceTree = "<group>";
		};
		ECE72F411EE7306A00C3A72A /* GooTests */ = {
			isa = PBXGroup;
			children = (
				ECA112B01EE7595400B087BD /* basic.yaml */,
				ECE72F4A1EE7344300C3A72A /* view.yaml */,
				ECE72F441EE7306A00C3A72A /* Info.plist */,
				ECE72F481EE7318600C3A72A /* ViewParseTests.swift */,
				ECA112AC1EE7554F00B087BD /* YamlTests.swift */,
				ECA112AE1EE755C800B087BD /* BaseTestCase.swift */,
			);
			path = GooTests;
			sourceTree = "<group>";
		};
/* End PBXGroup section */

/* Begin PBXNativeTarget section */
		ECB12E621EE5DE13001D166D /* Goo */ = {
			isa = PBXNativeTarget;
			buildConfigurationList = ECB12E751EE5DE13001D166D /* Build configuration list for PBXNativeTarget "Goo" */;
			buildPhases = (
				A0A2D6654BF8202E67667440 /* [CP] Check Pods Manifest.lock */,
				ECB12E5F1EE5DE13001D166D /* Sources */,
				ECB12E601EE5DE13001D166D /* Frameworks */,
				ECB12E611EE5DE13001D166D /* Resources */,
				28445176D5A98B68319A8F07 /* [CP] Embed Pods Frameworks */,
				3FC9D8772867FDF4172F6816 /* [CP] Copy Pods Resources */,
			);
			buildRules = (
			);
			dependencies = (
			);
			name = Goo;
			productName = Goo;
			productReference = ECB12E631EE5DE13001D166D /* Goo.app */;
			productType = "com.apple.product-type.application";
		};
		ECE72F3F1EE7306A00C3A72A /* GooTests */ = {
			isa = PBXNativeTarget;
			buildConfigurationList = ECE72F451EE7306A00C3A72A /* Build configuration list for PBXNativeTarget "GooTests" */;
			buildPhases = (
				0BEF1B871580A18706977C03 /* [CP] Check Pods Manifest.lock */,
				ECE72F3C1EE7306A00C3A72A /* Sources */,
				ECE72F3D1EE7306A00C3A72A /* Frameworks */,
				ECE72F3E1EE7306A00C3A72A /* Resources */,
				22AF91E7177073F24746782B /* [CP] Embed Pods Frameworks */,
				855E2F3B262ED9B16F3533DF /* [CP] Copy Pods Resources */,
			);
			buildRules = (
			);
			dependencies = (
			);
			name = GooTests;
			productName = GooTests;
			productReference = ECE72F401EE7306A00C3A72A /* GooTests.xctest */;
			productType = "com.apple.product-type.bundle.unit-test";
		};
/* End PBXNativeTarget section */

/* Begin PBXProject section */
		ECB12E5B1EE5DE13001D166D /* Project object */ = {
			isa = PBXProject;
			attributes = {
				LastSwiftUpdateCheck = 0830;
				LastUpgradeCheck = 0830;
				ORGANIZATIONNAME = Haralovich;
				TargetAttributes = {
					ECB12E621EE5DE13001D166D = {
						CreatedOnToolsVersion = 8.3.2;
						DevelopmentTeam = 4R9VQJ34Q5;
						ProvisioningStyle = Automatic;
					};
					ECE72F3F1EE7306A00C3A72A = {
						CreatedOnToolsVersion = 8.3.2;
						DevelopmentTeam = 4R9VQJ34Q5;
						ProvisioningStyle = Automatic;
					};
				};
			};
			buildConfigurationList = ECB12E5E1EE5DE13001D166D /* Build configuration list for PBXProject "Goo" */;
			compatibilityVersion = "Xcode 3.2";
			developmentRegion = English;
			hasScannedForEncodings = 0;
			knownRegions = (
				en,
				Base,
			);
			mainGroup = ECB12E5A1EE5DE13001D166D;
			productRefGroup = ECB12E641EE5DE13001D166D /* Products */;
			projectDirPath = "";
			projectRoot = "";
			targets = (
				ECB12E621EE5DE13001D166D /* Goo */,
				ECE72F3F1EE7306A00C3A72A /* GooTests */,
			);
		};
/* End PBXProject section */

/* Begin PBXResourcesBuildPhase section */
		ECB12E611EE5DE13001D166D /* Resources */ = {
			isa = PBXResourcesBuildPhase;
			buildActionMask = 2147483647;
			files = (
				ECB12E711EE5DE13001D166D /* LaunchScreen.storyboard in Resources */,
				ECB12E6E1EE5DE13001D166D /* Assets.xcassets in Resources */,
				ECB12E6C1EE5DE13001D166D /* Main.storyboard in Resources */,
			);
			runOnlyForDeploymentPostprocessing = 0;
		};
		ECE72F3E1EE7306A00C3A72A /* Resources */ = {
			isa = PBXResourcesBuildPhase;
			buildActionMask = 2147483647;
			files = (
				ECA112B11EE7595400B087BD /* basic.yaml in Resources */,
				ECE72F4B1EE7344300C3A72A /* view.yaml in Resources */,
			);
			runOnlyForDeploymentPostprocessing = 0;
		};
/* End PBXResourcesBuildPhase section */

/* Begin PBXShellScriptBuildPhase section */
		0BEF1B871580A18706977C03 /* [CP] Check Pods Manifest.lock */ = {
			isa = PBXShellScriptBuildPhase;
			buildActionMask = 2147483647;
			files = (
			);
			inputPaths = (
			);
			name = "[CP] Check Pods Manifest.lock";
			outputPaths = (
			);
			runOnlyForDeploymentPostprocessing = 0;
			shellPath = /bin/sh;
			shellScript = "diff \"${PODS_PODFILE_DIR_PATH}/Podfile.lock\" \"${PODS_ROOT}/Manifest.lock\" > /dev/null\nif [ $? != 0 ] ; then\n    # print error to STDERR\n    echo \"error: The sandbox is not in sync with the Podfile.lock. Run 'pod install' or update your CocoaPods installation.\" >&2\n    exit 1\nfi\n";
			showEnvVarsInLog = 0;
		};
		22AF91E7177073F24746782B /* [CP] Embed Pods Frameworks */ = {
			isa = PBXShellScriptBuildPhase;
			buildActionMask = 2147483647;
			files = (
			);
			inputPaths = (
			);
			name = "[CP] Embed Pods Frameworks";
			outputPaths = (
			);
			runOnlyForDeploymentPostprocessing = 0;
			shellPath = /bin/sh;
			shellScript = "\"${SRCROOT}/Pods/Target Support Files/Pods-GooTests/Pods-GooTests-frameworks.sh\"\n";
			showEnvVarsInLog = 0;
		};
		28445176D5A98B68319A8F07 /* [CP] Embed Pods Frameworks */ = {
			isa = PBXShellScriptBuildPhase;
			buildActionMask = 2147483647;
			files = (
			);
			inputPaths = (
			);
			name = "[CP] Embed Pods Frameworks";
			outputPaths = (
			);
			runOnlyForDeploymentPostprocessing = 0;
			shellPath = /bin/sh;
			shellScript = "\"${SRCROOT}/Pods/Target Support Files/Pods-Goo/Pods-Goo-frameworks.sh\"\n";
			showEnvVarsInLog = 0;
		};
		3FC9D8772867FDF4172F6816 /* [CP] Copy Pods Resources */ = {
			isa = PBXShellScriptBuildPhase;
			buildActionMask = 2147483647;
			files = (
			);
			inputPaths = (
			);
			name = "[CP] Copy Pods Resources";
			outputPaths = (
			);
			runOnlyForDeploymentPostprocessing = 0;
			shellPath = /bin/sh;
			shellScript = "\"${SRCROOT}/Pods/Target Support Files/Pods-Goo/Pods-Goo-resources.sh\"\n";
			showEnvVarsInLog = 0;
		};
		855E2F3B262ED9B16F3533DF /* [CP] Copy Pods Resources */ = {
			isa = PBXShellScriptBuildPhase;
			buildActionMask = 2147483647;
			files = (
			);
			inputPaths = (
			);
			name = "[CP] Copy Pods Resources";
			outputPaths = (
			);
			runOnlyForDeploymentPostprocessing = 0;
			shellPath = /bin/sh;
			shellScript = "\"${SRCROOT}/Pods/Target Support Files/Pods-GooTests/Pods-GooTests-resources.sh\"\n";
			showEnvVarsInLog = 0;
		};
		A0A2D6654BF8202E67667440 /* [CP] Check Pods Manifest.lock */ = {
			isa = PBXShellScriptBuildPhase;
			buildActionMask = 2147483647;
			files = (
			);
			inputPaths = (
			);
			name = "[CP] Check Pods Manifest.lock";
			outputPaths = (
			);
			runOnlyForDeploymentPostprocessing = 0;
			shellPath = /bin/sh;
			shellScript = "diff \"${PODS_PODFILE_DIR_PATH}/Podfile.lock\" \"${PODS_ROOT}/Manifest.lock\" > /dev/null\nif [ $? != 0 ] ; then\n    # print error to STDERR\n    echo \"error: The sandbox is not in sync with the Podfile.lock. Run 'pod install' or update your CocoaPods installation.\" >&2\n    exit 1\nfi\n";
			showEnvVarsInLog = 0;
		};
/* End PBXShellScriptBuildPhase section */

/* Begin PBXSourcesBuildPhase section */
		ECB12E5F1EE5DE13001D166D /* Sources */ = {
			isa = PBXSourcesBuildPhase;
			buildActionMask = 2147483647;
			files = (
				ECC5AD691EE6FA3400643659 /* Bounds.swift in Sources */,
				ECC5AD6B1EE6FA5500643659 /* Inset.swift in Sources */,
				ECC5AD651EE6F9A600643659 /* View.swift in Sources */,
				ECB12E691EE5DE13001D166D /* ViewController.swift in Sources */,
				ECC5AD671EE6FA1500643659 /* Vector.swift in Sources */,
				ECC5AD6D1EE6FB3200643659 /* Layout.swift in Sources */,
				ECE72F361EE71A7B00C3A72A /* YamlExtension.swift in Sources */,
				EC3A54211EE6F7D300935FE6 /* Goo.swift in Sources */,
				ECE72F4D1EE7365500C3A72A /* GooError.swift in Sources */,
				ECC5AD6F1EE7031300643659 /* Anchor.swift in Sources */,
				ECB12E671EE5DE13001D166D /* AppDelegate.swift in Sources */,
				ECE72F381EE71B4300C3A72A /* ArrayExtension.swift in Sources */,
			);
			runOnlyForDeploymentPostprocessing = 0;
		};
		ECE72F3C1EE7306A00C3A72A /* Sources */ = {
			isa = PBXSourcesBuildPhase;
			buildActionMask = 2147483647;
			files = (
				ECE72F491EE7318600C3A72A /* ViewParseTests.swift in Sources */,
				ECE72F511EE739B000C3A72A /* Bounds.swift in Sources */,
				ECE72F541EE739B000C3A72A /* Anchor.swift in Sources */,
				ECE72F4E1EE739B000C3A72A /* Goo.swift in Sources */,
				ECA112AD1EE7554F00B087BD /* YamlTests.swift in Sources */,
				ECE72F521EE739B000C3A72A /* Inset.swift in Sources */,
				ECE72F551EE739B000C3A72A /* GooError.swift in Sources */,
				ECE72F561EE739B400C3A72A /* YamlExtension.swift in Sources */,
				ECE72F531EE739B000C3A72A /* Layout.swift in Sources */,
				ECE72F501EE739B000C3A72A /* Vector.swift in Sources */,
				ECE72F4F1EE739B000C3A72A /* View.swift in Sources */,
				ECA112AF1EE755C800B087BD /* BaseTestCase.swift in Sources */,
				ECE72F571EE739B400C3A72A /* ArrayExtension.swift in Sources */,
			);
			runOnlyForDeploymentPostprocessing = 0;
		};
/* End PBXSourcesBuildPhase section */

/* Begin PBXVariantGroup section */
		ECB12E6A1EE5DE13001D166D /* Main.storyboard */ = {
			isa = PBXVariantGroup;
			children = (
				ECB12E6B1EE5DE13001D166D /* Base */,
			);
			name = Main.storyboard;
			sourceTree = "<group>";
		};
		ECB12E6F1EE5DE13001D166D /* LaunchScreen.storyboard */ = {
			isa = PBXVariantGroup;
			children = (
				ECB12E701EE5DE13001D166D /* Base */,
			);
			name = LaunchScreen.storyboard;
			sourceTree = "<group>";
		};
/* End PBXVariantGroup section */

/* Begin XCBuildConfiguration section */
		ECB12E731EE5DE13001D166D /* Debug */ = {
			isa = XCBuildConfiguration;
			buildSettings = {
				ALWAYS_SEARCH_USER_PATHS = NO;
				CLANG_ANALYZER_NONNULL = YES;
				CLANG_ANALYZER_NUMBER_OBJECT_CONVERSION = YES_AGGRESSIVE;
				CLANG_CXX_LANGUAGE_STANDARD = "gnu++0x";
				CLANG_CXX_LIBRARY = "libc++";
				CLANG_ENABLE_MODULES = YES;
				CLANG_ENABLE_OBJC_ARC = YES;
				CLANG_WARN_BOOL_CONVERSION = YES;
				CLANG_WARN_CONSTANT_CONVERSION = YES;
				CLANG_WARN_DIRECT_OBJC_ISA_USAGE = YES_ERROR;
				CLANG_WARN_DOCUMENTATION_COMMENTS = YES;
				CLANG_WARN_EMPTY_BODY = YES;
				CLANG_WARN_ENUM_CONVERSION = YES;
				CLANG_WARN_INFINITE_RECURSION = YES;
				CLANG_WARN_INT_CONVERSION = YES;
				CLANG_WARN_OBJC_ROOT_CLASS = YES_ERROR;
				CLANG_WARN_SUSPICIOUS_MOVE = YES;
				CLANG_WARN_UNREACHABLE_CODE = YES;
				CLANG_WARN__DUPLICATE_METHOD_MATCH = YES;
				"CODE_SIGN_IDENTITY[sdk=iphoneos*]" = "iPhone Developer";
				COPY_PHASE_STRIP = NO;
				DEBUG_INFORMATION_FORMAT = dwarf;
				ENABLE_STRICT_OBJC_MSGSEND = YES;
				ENABLE_TESTABILITY = YES;
				GCC_C_LANGUAGE_STANDARD = gnu99;
				GCC_DYNAMIC_NO_PIC = NO;
				GCC_NO_COMMON_BLOCKS = YES;
				GCC_OPTIMIZATION_LEVEL = 0;
				GCC_PREPROCESSOR_DEFINITIONS = (
					"DEBUG=1",
					"$(inherited)",
				);
				GCC_WARN_64_TO_32_BIT_CONVERSION = YES;
				GCC_WARN_ABOUT_RETURN_TYPE = YES_ERROR;
				GCC_WARN_UNDECLARED_SELECTOR = YES;
				GCC_WARN_UNINITIALIZED_AUTOS = YES_AGGRESSIVE;
				GCC_WARN_UNUSED_FUNCTION = YES;
				GCC_WARN_UNUSED_VARIABLE = YES;
				IPHONEOS_DEPLOYMENT_TARGET = 10.3;
				MTL_ENABLE_DEBUG_INFO = YES;
				ONLY_ACTIVE_ARCH = YES;
				SDKROOT = iphoneos;
				SWIFT_ACTIVE_COMPILATION_CONDITIONS = DEBUG;
				SWIFT_OPTIMIZATION_LEVEL = "-Onone";
				TARGETED_DEVICE_FAMILY = "1,2";
			};
			name = Debug;
		};
		ECB12E741EE5DE13001D166D /* Release */ = {
			isa = XCBuildConfiguration;
			buildSettings = {
				ALWAYS_SEARCH_USER_PATHS = NO;
				CLANG_ANALYZER_NONNULL = YES;
				CLANG_ANALYZER_NUMBER_OBJECT_CONVERSION = YES_AGGRESSIVE;
				CLANG_CXX_LANGUAGE_STANDARD = "gnu++0x";
				CLANG_CXX_LIBRARY = "libc++";
				CLANG_ENABLE_MODULES = YES;
				CLANG_ENABLE_OBJC_ARC = YES;
				CLANG_WARN_BOOL_CONVERSION = YES;
				CLANG_WARN_CONSTANT_CONVERSION = YES;
				CLANG_WARN_DIRECT_OBJC_ISA_USAGE = YES_ERROR;
				CLANG_WARN_DOCUMENTATION_COMMENTS = YES;
				CLANG_WARN_EMPTY_BODY = YES;
				CLANG_WARN_ENUM_CONVERSION = YES;
				CLANG_WARN_INFINITE_RECURSION = YES;
				CLANG_WARN_INT_CONVERSION = YES;
				CLANG_WARN_OBJC_ROOT_CLASS = YES_ERROR;
				CLANG_WARN_SUSPICIOUS_MOVE = YES;
				CLANG_WARN_UNREACHABLE_CODE = YES;
				CLANG_WARN__DUPLICATE_METHOD_MATCH = YES;
				"CODE_SIGN_IDENTITY[sdk=iphoneos*]" = "iPhone Developer";
				COPY_PHASE_STRIP = NO;
				DEBUG_INFORMATION_FORMAT = "dwarf-with-dsym";
				ENABLE_NS_ASSERTIONS = NO;
				ENABLE_STRICT_OBJC_MSGSEND = YES;
				GCC_C_LANGUAGE_STANDARD = gnu99;
				GCC_NO_COMMON_BLOCKS = YES;
				GCC_WARN_64_TO_32_BIT_CONVERSION = YES;
				GCC_WARN_ABOUT_RETURN_TYPE = YES_ERROR;
				GCC_WARN_UNDECLARED_SELECTOR = YES;
				GCC_WARN_UNINITIALIZED_AUTOS = YES_AGGRESSIVE;
				GCC_WARN_UNUSED_FUNCTION = YES;
				GCC_WARN_UNUSED_VARIABLE = YES;
				IPHONEOS_DEPLOYMENT_TARGET = 10.3;
				MTL_ENABLE_DEBUG_INFO = NO;
				SDKROOT = iphoneos;
				SWIFT_OPTIMIZATION_LEVEL = "-Owholemodule";
				TARGETED_DEVICE_FAMILY = "1,2";
				VALIDATE_PRODUCT = YES;
			};
			name = Release;
		};
		ECB12E761EE5DE13001D166D /* Debug */ = {
			isa = XCBuildConfiguration;
			baseConfigurationReference = F6A253ABBB6683A7EF3D00E2 /* Pods-Goo.debug.xcconfig */;
			buildSettings = {
				ASSETCATALOG_COMPILER_APPICON_NAME = AppIcon;
				DEVELOPMENT_TEAM = 4R9VQJ34Q5;
				INFOPLIST_FILE = Goo/Info.plist;
				LD_RUNPATH_SEARCH_PATHS = "$(inherited) @executable_path/Frameworks";
				PRODUCT_BUNDLE_IDENTIFIER = org.haralovich.Goo;
				PRODUCT_NAME = "$(TARGET_NAME)";
				SWIFT_VERSION = 3.0;
			};
			name = Debug;
		};
		ECB12E771EE5DE13001D166D /* Release */ = {
			isa = XCBuildConfiguration;
			baseConfigurationReference = 9F3AB7FCA191C7AB227F0902 /* Pods-Goo.release.xcconfig */;
			buildSettings = {
				ASSETCATALOG_COMPILER_APPICON_NAME = AppIcon;
				DEVELOPMENT_TEAM = 4R9VQJ34Q5;
				INFOPLIST_FILE = Goo/Info.plist;
				LD_RUNPATH_SEARCH_PATHS = "$(inherited) @executable_path/Frameworks";
				PRODUCT_BUNDLE_IDENTIFIER = org.haralovich.Goo;
				PRODUCT_NAME = "$(TARGET_NAME)";
				SWIFT_VERSION = 3.0;
			};
			name = Release;
		};
		ECE72F461EE7306A00C3A72A /* Debug */ = {
			isa = XCBuildConfiguration;
			baseConfigurationReference = FECC4559083460C9A4EC0168 /* Pods-GooTests.debug.xcconfig */;
			buildSettings = {
				DEVELOPMENT_TEAM = 4R9VQJ34Q5;
				INFOPLIST_FILE = GooTests/Info.plist;
				LD_RUNPATH_SEARCH_PATHS = "$(inherited) @executable_path/Frameworks @loader_path/Frameworks";
				PRODUCT_BUNDLE_IDENTIFIER = org.haralovich.GooTests;
				PRODUCT_NAME = "$(TARGET_NAME)";
				SWIFT_VERSION = 3.0;
			};
			name = Debug;
		};
		ECE72F471EE7306A00C3A72A /* Release */ = {
			isa = XCBuildConfiguration;
			baseConfigurationReference = 5A9BFE3D2B5538A8FFB71D02 /* Pods-GooTests.release.xcconfig */;
			buildSettings = {
				DEVELOPMENT_TEAM = 4R9VQJ34Q5;
				INFOPLIST_FILE = GooTests/Info.plist;
				LD_RUNPATH_SEARCH_PATHS = "$(inherited) @executable_path/Frameworks @loader_path/Frameworks";
				PRODUCT_BUNDLE_IDENTIFIER = org.haralovich.GooTests;
				PRODUCT_NAME = "$(TARGET_NAME)";
				SWIFT_VERSION = 3.0;
			};
			name = Release;
		};
/* End XCBuildConfiguration section */

/* Begin XCConfigurationList section */
		ECB12E5E1EE5DE13001D166D /* Build configuration list for PBXProject "Goo" */ = {
			isa = XCConfigurationList;
			buildConfigurations = (
				ECB12E731EE5DE13001D166D /* Debug */,
				ECB12E741EE5DE13001D166D /* Release */,
			);
			defaultConfigurationIsVisible = 0;
			defaultConfigurationName = Release;
		};
		ECB12E751EE5DE13001D166D /* Build configuration list for PBXNativeTarget "Goo" */ = {
			isa = XCConfigurationList;
			buildConfigurations = (
				ECB12E761EE5DE13001D166D /* Debug */,
				ECB12E771EE5DE13001D166D /* Release */,
			);
			defaultConfigurationIsVisible = 0;
			defaultConfigurationName = Release;
		};
		ECE72F451EE7306A00C3A72A /* Build configuration list for PBXNativeTarget "GooTests" */ = {
			isa = XCConfigurationList;
			buildConfigurations = (
				ECE72F461EE7306A00C3A72A /* Debug */,
				ECE72F471EE7306A00C3A72A /* Release */,
			);
			defaultConfigurationIsVisible = 0;
			defaultConfigurationName = Release;
		};
/* End XCConfigurationList section */
	};
	rootObject = ECB12E5B1EE5DE13001D166D /* Project object */;
}
